Microsoft Visual Studio Solution File, Format Version 11.00
# Visual Studio 2008

Project("{C101058E-7EA2-1BBB-F2A5-AC893088E90B}") = "Tag", "Assembly-CSharp.csproj", "{48ADFA0E-53A3-DA2A-F1E1-68490F78195A}"
EndProject
Global
	GlobalSection(SolutionConfigurationPlatforms) = preSolution
		Debug|Any CPU = Debug|Any CPU
		Release|Any CPU = Release|Any CPU
	EndGlobalSection
	GlobalSection(ProjectConfigurationPlatforms) = postSolution
		{48ADFA0E-53A3-DA2A-F1E1-68490F78195A}.Debug|Any CPU.ActiveCfg = Debug|Any CPU
		{48ADFA0E-53A3-DA2A-F1E1-68490F78195A}.Debug|Any CPU.Build.0 = Debug|Any CPU
		{48ADFA0E-53A3-DA2A-F1E1-68490F78195A}.Release|Any CPU.ActiveCfg = Release|Any CPU
		{48ADFA0E-53A3-DA2A-F1E1-68490F78195A}.Release|Any CPU.Build.0 = Release|Any CPU
	EndGlobalSection
	GlobalSection(SolutionProperties) = preSolution
		HideSolutionNode = FALSE
	EndGlobalSection
	GlobalSection(MonoDevelopProperties) = preSolution
		StartupItem = Assembly-CSharp.csproj
	EndGlobalSection
EndGlobal
