Microsoft Visual Studio Solution File, Format Version 11.00
# Visual Studio 2008

Project("{6A20113B-7070-3242-C5EF-60BCBA33E872}") = "unitytagvariation", "Assembly-CSharp.csproj", "{9912F1AF-2C9E-A5DB-F667-C035B0F5C5EE}"
EndProject
Global
	GlobalSection(SolutionConfigurationPlatforms) = preSolution
		Debug|Any CPU = Debug|Any CPU
		Release|Any CPU = Release|Any CPU
	EndGlobalSection
	GlobalSection(ProjectConfigurationPlatforms) = postSolution
		{9912F1AF-2C9E-A5DB-F667-C035B0F5C5EE}.Debug|Any CPU.ActiveCfg = Debug|Any CPU
		{9912F1AF-2C9E-A5DB-F667-C035B0F5C5EE}.Debug|Any CPU.Build.0 = Debug|Any CPU
		{9912F1AF-2C9E-A5DB-F667-C035B0F5C5EE}.Release|Any CPU.ActiveCfg = Release|Any CPU
		{9912F1AF-2C9E-A5DB-F667-C035B0F5C5EE}.Release|Any CPU.Build.0 = Release|Any CPU
	EndGlobalSection
	GlobalSection(SolutionProperties) = preSolution
		HideSolutionNode = FALSE
	EndGlobalSection
	GlobalSection(MonoDevelopProperties) = preSolution
		StartupItem = Assembly-CSharp.csproj
	EndGlobalSection
EndGlobal
